{
  "pins" : [
    {
      "identity" : "swift-cmark",
      "kind" : "remoteSourceControl",
      "location" : "https://github.com/fumito-ito/swift-cmark.git",
      "state" : {
        "revision" : "2c47322cb32cbed555f13bf5cbfaa488cc30a785",
        "version" : "510.0.1"
      }
    },
    {
      "identity" : "swift-markdown",
      "kind" : "remoteSourceControl",
      "location" : "https://github.com/fumito-ito/swift-markdown.git",
      "state" : {
        "revision" : "60d2bc5cc72b0276bcc9c3d074e751890f246426",
        "version" : "510.0.1"
      }
    }
  ],
  "version" : 2
}
