{
  "pins" : [
    {
      "identity" : "swift-cmark",
      "kind" : "remoteSourceControl",
      "location" : "https://github.com/fumito-ito/swift-cmark.git",
      "state" : {
        "revision" : "3bc2f3e25df0cecc5dc269f7ccae65d0f386f06a",
        "version" : "510.0.0"
      }
    },
    {
      "identity" : "swift-markdown",
      "kind" : "remoteSourceControl",
      "location" : "https://github.com/fumito-ito/swift-markdown.git",
      "state" : {
        "revision" : "94d83a56432f5865943f4c386d62910423ea8c15",
        "version" : "510.0.0"
      }
    }
  ],
  "version" : 2
}
